
Microsoft Visual Studio Solution File, Format Version 12.00
# Visual Studio Version 16
VisualStudioVersion = 16.0.31019.35
MinimumVisualStudioVersion = 10.0.40219.1
Project("{9A19103F-16F7-4668-BE54-9A1E7A4F7556}") = "AttributeBasedBinding", "AttributeBasedBinding\AttributeBasedBinding.csproj", "{050C89F4-6601-477B-BCD1-1D1EE40603F6}"
EndProject
Project("{FAE04EC0-301F-11D3-BF4B-00C04F79EFBC}") = "AttributeBasedBinding.AspNetNinject", "AttributeBasedBinding.AspNetNinject\AttributeBasedBinding.AspNetNinject.csproj", "{E577ECAE-F958-4E37-A39D-1044E8697B0D}"
EndProject
Global
	GlobalSection(SolutionConfigurationPlatforms) = preSolution
		Debug|Any CPU = Debug|Any CPU
		Release|Any CPU = Release|Any CPU
	EndGlobalSection
	GlobalSection(ProjectConfigurationPlatforms) = postSolution
		{050C89F4-6601-477B-BCD1-1D1EE40603F6}.Debug|Any CPU.ActiveCfg = Debug|Any CPU
		{050C89F4-6601-477B-BCD1-1D1EE40603F6}.Debug|Any CPU.Build.0 = Debug|Any CPU
		{050C89F4-6601-477B-BCD1-1D1EE40603F6}.Release|Any CPU.ActiveCfg = Release|Any CPU
		{050C89F4-6601-477B-BCD1-1D1EE40603F6}.Release|Any CPU.Build.0 = Release|Any CPU
		{E577ECAE-F958-4E37-A39D-1044E8697B0D}.Debug|Any CPU.ActiveCfg = Debug|Any CPU
		{E577ECAE-F958-4E37-A39D-1044E8697B0D}.Debug|Any CPU.Build.0 = Debug|Any CPU
		{E577ECAE-F958-4E37-A39D-1044E8697B0D}.Release|Any CPU.ActiveCfg = Release|Any CPU
		{E577ECAE-F958-4E37-A39D-1044E8697B0D}.Release|Any CPU.Build.0 = Release|Any CPU
	EndGlobalSection
	GlobalSection(SolutionProperties) = preSolution
		HideSolutionNode = FALSE
	EndGlobalSection
	GlobalSection(ExtensibilityGlobals) = postSolution
		SolutionGuid = {2B7F1FE7-7EC4-4EB3-B3C0-1B719A21577A}
	EndGlobalSection
EndGlobal
